{
  "name": "New folder",
  "lockfileVersion": 3,
  "requires": true,
  "packages": {
    "": {
      "dependencies": {
        "iodine-gba": "^2.0.1"
      }
    },
    "node_modules/base64-js": {
      "version": "0.0.8",
      "resolved": "https://registry.npmjs.org/base64-js/-/base64-js-0.0.8.tgz",
      "integrity": "sha512-3XSA2cR/h/73EzlXXdU6YNycmYI7+kicTxks4eJg2g39biHR84slg2+des+p7iHYhbRg/udIS4TD53WabcOUkw==",
      "license": "MIT",
      "engines": {
        "node": ">= 0.4"
      }
    },
    "node_modules/iodine-gba": {
      "version": "2.0.1",
      "resolved": "https://registry.npmjs.org/iodine-gba/-/iodine-gba-2.0.1.tgz",
      "integrity": "sha512-XMOKadW9JneqcXJb1snv1QN2fw7gcadyn80yyTuHVulMRVVIwFGQntcAfZQ5rxX0kFfYSZS6u/1QZHmm1eIRcQ==",
      "license": "GPLv2",
      "dependencies": {
        "base64-js": "0.0.8"
      }
    }
  }
}
